
Microsoft Visual Studio Solution File, Format Version 9.00
# Visual Studio 2005
Project("{FAE04EC0-301F-11D3-BF4B-00C04F79EFBC}") = "While", "ConsoleApplication1\While.csproj", "{E49893D7-34AD-46E1-AEC6-2BDE6DBF44AE}"
EndProject
Project("{FAE04EC0-301F-11D3-BF4B-00C04F79EFBC}") = "DoWhile", "DoWhile\DoWhile.csproj", "{37F08588-9A43-40E9-BAE8-784671E5072F}"
EndProject
Project("{FAE04EC0-301F-11D3-BF4B-00C04F79EFBC}") = "For", "For\For.csproj", "{B1691167-E053-4745-B2A1-BD9EB3C13485}"
EndProject
Project("{FAE04EC0-301F-11D3-BF4B-00C04F79EFBC}") = "Factrorial", "Factrorial\Factrorial.csproj", "{2CC2BEF8-D5C2-4EB7-9D15-E12F63D27E32}"
EndProject
Project("{FAE04EC0-301F-11D3-BF4B-00C04F79EFBC}") = "Array1", "Array1\Array1\Array1.csproj", "{BC89A65A-7F9D-48A4-A239-0FE2D18B1388}"
EndProject
Project("{FAE04EC0-301F-11D3-BF4B-00C04F79EFBC}") = "Array2", "Array2\Array2.csproj", "{2735CDCA-8AE9-4AE4-B14F-9A002DF973A8}"
EndProject
Project("{FAE04EC0-301F-11D3-BF4B-00C04F79EFBC}") = "SumNBreak", "SumNBreak\SumNBreak.csproj", "{84B6DE8C-BE39-480B-9976-5D6687591678}"
EndProject
Project("{FAE04EC0-301F-11D3-BF4B-00C04F79EFBC}") = "ZoherLec6insted array", "ZoherLec6insted array\ZoherLec6insted array.csproj", "{43C5CB88-F625-473D-9E59-CDA01BABA96C}"
EndProject
Project("{FAE04EC0-301F-11D3-BF4B-00C04F79EFBC}") = "ZoherArraylec6", "ZoherArraylec6\ZoherArraylec6.csproj", "{816B79FA-BF3D-4003-931D-237C171E7F09}"
EndProject
Project("{FAE04EC0-301F-11D3-BF4B-00C04F79EFBC}") = "ArrayMonths", "ArrayMonths\ArrayMonths.csproj", "{7858650E-A33B-403A-9F72-48728FC003C4}"
EndProject
Project("{FAE04EC0-301F-11D3-BF4B-00C04F79EFBC}") = "Bubble Sort", "Bubble Sort\Bubble Sort.csproj", "{D8D6A3B4-1D99-4F14-99C1-13E5510DC5FC}"
EndProject
Project("{FAE04EC0-301F-11D3-BF4B-00C04F79EFBC}") = "Array2Dimention", "Array2Dimention\Array2Dimention.csproj", "{7D61A70D-0ADF-451C-A85C-A0EDA99082C1}"
EndProject
Project("{FAE04EC0-301F-11D3-BF4B-00C04F79EFBC}") = "Break", "ArrayBreak\Break.csproj", "{60B78E3D-DF79-4AE6-B3EC-3E7CEF38AFAA}"
EndProject
Project("{FAE04EC0-301F-11D3-BF4B-00C04F79EFBC}") = "SubPrograms", "SubPrograms\SubPrograms.csproj", "{842FCC51-F596-4507-9756-C7B0E99D1FBA}"
EndProject
Project("{FAE04EC0-301F-11D3-BF4B-00C04F79EFBC}") = "array2DZoher", "array2DZoher\array2DZoher.csproj", "{781C74E7-36CD-4F7E-8E8E-67059B03862C}"
EndProject
Project("{FAE04EC0-301F-11D3-BF4B-00C04F79EFBC}") = "FactSubProgram", "FactSubProgram\FactSubProgram.csproj", "{4E454573-D836-42FB-B9DA-8C3C48E5C66A}"
EndProject
Project("{FAE04EC0-301F-11D3-BF4B-00C04F79EFBC}") = "ASS1", "ASS1\ASS1.csproj", "{1569C7A9-B123-45CB-9724-A8430533E216}"
EndProject
Project("{FAE04EC0-301F-11D3-BF4B-00C04F79EFBC}") = "Ass2", "Ass2\Ass2.csproj", "{CDE4A4F9-F03C-4407-9261-B9AB7B9444F0}"
EndProject
Project("{FAE04EC0-301F-11D3-BF4B-00C04F79EFBC}") = "try1", "try1\try1.csproj", "{74CED8F3-02C7-4965-8B71-C85342DBC24A}"
EndProject
Project("{FAE04EC0-301F-11D3-BF4B-00C04F79EFBC}") = "try3", "try3\try3.csproj", "{66683C5C-0226-4D78-9A3C-FB144DEC15F5}"
EndProject
Project("{FAE04EC0-301F-11D3-BF4B-00C04F79EFBC}") = "trybbas", "trybbas\trybbas.csproj", "{847DBB82-08FB-471C-AB62-7550F49334FE}"
EndProject
Project("{FAE04EC0-301F-11D3-BF4B-00C04F79EFBC}") = "AskTeach", "AskTeach\AskTeach.csproj", "{7EF2155D-8A9F-4048-B1C8-F39AB0ED17A4}"
EndProject
Project("{FAE04EC0-301F-11D3-BF4B-00C04F79EFBC}") = "SubFunRoLec14", "SubFunRoLec14\SubFunRoLec14.csproj", "{E44FF64B-2827-4D72-9C2D-D960F086F7F3}"
EndProject
Project("{FAE04EC0-301F-11D3-BF4B-00C04F79EFBC}") = "BubbleSotRlic14", "BubbleSotRlic14\BubbleSotRlic14.csproj", "{14D43AD6-1E62-41A8-9330-2951A0551893}"
EndProject
Project("{FAE04EC0-301F-11D3-BF4B-00C04F79EFBC}") = "ArrayRLec14", "ArrayRLec14\ArrayRLec14.csproj", "{DBBF1D27-9322-4E9F-AC9B-FF091FBF2DF5}"
EndProject
Project("{FAE04EC0-301F-11D3-BF4B-00C04F79EFBC}") = "tryagain", "tryagain\tryagain.csproj", "{04B398CF-B855-436B-9F33-C4535D6D7980}"
EndProject
Project("{FAE04EC0-301F-11D3-BF4B-00C04F79EFBC}") = "anothertryq2", "anothertryq2\anothertryq2.csproj", "{4EACA9DA-0799-4FAE-9A57-718AB38B1A41}"
EndProject
Project("{FAE04EC0-301F-11D3-BF4B-00C04F79EFBC}") = "Trysubpro", "..\Ula\Trysubpro\Trysubpro.csproj", "{95EC1A54-BED3-446F-94A4-6ED60378F8CD}"
EndProject
Project("{FAE04EC0-301F-11D3-BF4B-00C04F79EFBC}") = "BIT_ITC230_Ula_22596_C5_Hom2", "BIT_ITC230_Ula_22596_C5_Hom2\BIT_ITC230_Ula_22596_C5_Hom2.csproj", "{8B7064FB-69B2-49C0-962D-73F6C2D6D958}"
EndProject
Project("{FAE04EC0-301F-11D3-BF4B-00C04F79EFBC}") = "UlaAssUpdate", "UlaAssUpdate\UlaAssUpdate.csproj", "{A18059E5-545B-4221-A501-46E613F3CF5D}"
EndProject
Project("{FAE04EC0-301F-11D3-BF4B-00C04F79EFBC}") = "yaso", "yaso\yaso.csproj", "{5DECF300-B7F8-4D18-B680-EEB7B204A85F}"
EndProject
Project("{FAE04EC0-301F-11D3-BF4B-00C04F79EFBC}") = "Tryarraylengthass", "Tryarraylengthass\Tryarraylengthass.csproj", "{26E4A647-8EBA-455E-81AA-CF2B6DEAA12E}"
EndProject
Project("{FAE04EC0-301F-11D3-BF4B-00C04F79EFBC}") = "yaso2", "yaso2\yaso2.csproj", "{EA81703E-24AC-4FB2-A031-AB07BD13A610}"
EndProject
Project("{FAE04EC0-301F-11D3-BF4B-00C04F79EFBC}") = "Lec15FindIndexArray", "BoolArraySubpro\Lec15FindIndexArray.csproj", "{EF3F0E7D-C056-433C-91CC-D6181FDC5DEC}"
EndProject
Project("{FAE04EC0-301F-11D3-BF4B-00C04F79EFBC}") = "Lec15", "class\Lec15.csproj", "{6EC8A18A-55AC-488D-81AF-46A22A2EDB38}"
EndProject
Project("{FAE04EC0-301F-11D3-BF4B-00C04F79EFBC}") = "Lec15FindIndexArraySubPro", "assaaaaa\Lec15FindIndexArraySubPro.csproj", "{C4C6CBCE-CEDE-4FE5-80BB-50D29670B8FA}"
EndProject
Global
	GlobalSection(SolutionConfigurationPlatforms) = preSolution
		Debug|Any CPU = Debug|Any CPU
		Release|Any CPU = Release|Any CPU
	EndGlobalSection
	GlobalSection(ProjectConfigurationPlatforms) = postSolution
		{E49893D7-34AD-46E1-AEC6-2BDE6DBF44AE}.Debug|Any CPU.ActiveCfg = Debug|Any CPU
		{E49893D7-34AD-46E1-AEC6-2BDE6DBF44AE}.Debug|Any CPU.Build.0 = Debug|Any CPU
		{E49893D7-34AD-46E1-AEC6-2BDE6DBF44AE}.Release|Any CPU.ActiveCfg = Release|Any CPU
		{E49893D7-34AD-46E1-AEC6-2BDE6DBF44AE}.Release|Any CPU.Build.0 = Release|Any CPU
		{37F08588-9A43-40E9-BAE8-784671E5072F}.Debug|Any CPU.ActiveCfg = Debug|Any CPU
		{37F08588-9A43-40E9-BAE8-784671E5072F}.Debug|Any CPU.Build.0 = Debug|Any CPU
		{37F08588-9A43-40E9-BAE8-784671E5072F}.Release|Any CPU.ActiveCfg = Release|Any CPU
		{37F08588-9A43-40E9-BAE8-784671E5072F}.Release|Any CPU.Build.0 = Release|Any CPU
		{B1691167-E053-4745-B2A1-BD9EB3C13485}.Debug|Any CPU.ActiveCfg = Debug|Any CPU
		{B1691167-E053-4745-B2A1-BD9EB3C13485}.Debug|Any CPU.Build.0 = Debug|Any CPU
		{B1691167-E053-4745-B2A1-BD9EB3C13485}.Release|Any CPU.ActiveCfg = Release|Any CPU
		{B1691167-E053-4745-B2A1-BD9EB3C13485}.Release|Any CPU.Build.0 = Release|Any CPU
		{2CC2BEF8-D5C2-4EB7-9D15-E12F63D27E32}.Debug|Any CPU.ActiveCfg = Debug|Any CPU
		{2CC2BEF8-D5C2-4EB7-9D15-E12F63D27E32}.Debug|Any CPU.Build.0 = Debug|Any CPU
		{2CC2BEF8-D5C2-4EB7-9D15-E12F63D27E32}.Release|Any CPU.ActiveCfg = Release|Any CPU
		{2CC2BEF8-D5C2-4EB7-9D15-E12F63D27E32}.Release|Any CPU.Build.0 = Release|Any CPU
		{BC89A65A-7F9D-48A4-A239-0FE2D18B1388}.Debug|Any CPU.ActiveCfg = Debug|Any CPU
		{BC89A65A-7F9D-48A4-A239-0FE2D18B1388}.Debug|Any CPU.Build.0 = Debug|Any CPU
		{BC89A65A-7F9D-48A4-A239-0FE2D18B1388}.Release|Any CPU.ActiveCfg = Release|Any CPU
		{BC89A65A-7F9D-48A4-A239-0FE2D18B1388}.Release|Any CPU.Build.0 = Release|Any CPU
		{2735CDCA-8AE9-4AE4-B14F-9A002DF973A8}.Debug|Any CPU.ActiveCfg = Debug|Any CPU
		{2735CDCA-8AE9-4AE4-B14F-9A002DF973A8}.Debug|Any CPU.Build.0 = Debug|Any CPU
		{2735CDCA-8AE9-4AE4-B14F-9A002DF973A8}.Release|Any CPU.ActiveCfg = Release|Any CPU
		{2735CDCA-8AE9-4AE4-B14F-9A002DF973A8}.Release|Any CPU.Build.0 = Release|Any CPU
		{84B6DE8C-BE39-480B-9976-5D6687591678}.Debug|Any CPU.ActiveCfg = Debug|Any CPU
		{84B6DE8C-BE39-480B-9976-5D6687591678}.Debug|Any CPU.Build.0 = Debug|Any CPU
		{84B6DE8C-BE39-480B-9976-5D6687591678}.Release|Any CPU.ActiveCfg = Release|Any CPU
		{84B6DE8C-BE39-480B-9976-5D6687591678}.Release|Any CPU.Build.0 = Release|Any CPU
		{43C5CB88-F625-473D-9E59-CDA01BABA96C}.Debug|Any CPU.ActiveCfg = Debug|Any CPU
		{43C5CB88-F625-473D-9E59-CDA01BABA96C}.Debug|Any CPU.Build.0 = Debug|Any CPU
		{43C5CB88-F625-473D-9E59-CDA01BABA96C}.Release|Any CPU.ActiveCfg = Release|Any CPU
		{43C5CB88-F625-473D-9E59-CDA01BABA96C}.Release|Any CPU.Build.0 = Release|Any CPU
		{816B79FA-BF3D-4003-931D-237C171E7F09}.Debug|Any CPU.ActiveCfg = Debug|Any CPU
		{816B79FA-BF3D-4003-931D-237C171E7F09}.Debug|Any CPU.Build.0 = Debug|Any CPU
		{816B79FA-BF3D-4003-931D-237C171E7F09}.Release|Any CPU.ActiveCfg = Release|Any CPU
		{816B79FA-BF3D-4003-931D-237C171E7F09}.Release|Any CPU.Build.0 = Release|Any CPU
		{7858650E-A33B-403A-9F72-48728FC003C4}.Debug|Any CPU.ActiveCfg = Debug|Any CPU
		{7858650E-A33B-403A-9F72-48728FC003C4}.Debug|Any CPU.Build.0 = Debug|Any CPU
		{7858650E-A33B-403A-9F72-48728FC003C4}.Release|Any CPU.ActiveCfg = Release|Any CPU
		{7858650E-A33B-403A-9F72-48728FC003C4}.Release|Any CPU.Build.0 = Release|Any CPU
		{D8D6A3B4-1D99-4F14-99C1-13E5510DC5FC}.Debug|Any CPU.ActiveCfg = Debug|Any CPU
		{D8D6A3B4-1D99-4F14-99C1-13E5510DC5FC}.Debug|Any CPU.Build.0 = Debug|Any CPU
		{D8D6A3B4-1D99-4F14-99C1-13E5510DC5FC}.Release|Any CPU.ActiveCfg = Release|Any CPU
		{D8D6A3B4-1D99-4F14-99C1-13E5510DC5FC}.Release|Any CPU.Build.0 = Release|Any CPU
		{7D61A70D-0ADF-451C-A85C-A0EDA99082C1}.Debug|Any CPU.ActiveCfg = Debug|Any CPU
		{7D61A70D-0ADF-451C-A85C-A0EDA99082C1}.Debug|Any CPU.Build.0 = Debug|Any CPU
		{7D61A70D-0ADF-451C-A85C-A0EDA99082C1}.Release|Any CPU.ActiveCfg = Release|Any CPU
		{7D61A70D-0ADF-451C-A85C-A0EDA99082C1}.Release|Any CPU.Build.0 = Release|Any CPU
		{60B78E3D-DF79-4AE6-B3EC-3E7CEF38AFAA}.Debug|Any CPU.ActiveCfg = Debug|Any CPU
		{60B78E3D-DF79-4AE6-B3EC-3E7CEF38AFAA}.Debug|Any CPU.Build.0 = Debug|Any CPU
		{60B78E3D-DF79-4AE6-B3EC-3E7CEF38AFAA}.Release|Any CPU.ActiveCfg = Release|Any CPU
		{60B78E3D-DF79-4AE6-B3EC-3E7CEF38AFAA}.Release|Any CPU.Build.0 = Release|Any CPU
		{842FCC51-F596-4507-9756-C7B0E99D1FBA}.Debug|Any CPU.ActiveCfg = Debug|Any CPU
		{842FCC51-F596-4507-9756-C7B0E99D1FBA}.Debug|Any CPU.Build.0 = Debug|Any CPU
		{842FCC51-F596-4507-9756-C7B0E99D1FBA}.Release|Any CPU.ActiveCfg = Release|Any CPU
		{842FCC51-F596-4507-9756-C7B0E99D1FBA}.Release|Any CPU.Build.0 = Release|Any CPU
		{781C74E7-36CD-4F7E-8E8E-67059B03862C}.Debug|Any CPU.ActiveCfg = Debug|Any CPU
		{781C74E7-36CD-4F7E-8E8E-67059B03862C}.Debug|Any CPU.Build.0 = Debug|Any CPU
		{781C74E7-36CD-4F7E-8E8E-67059B03862C}.Release|Any CPU.ActiveCfg = Release|Any CPU
		{781C74E7-36CD-4F7E-8E8E-67059B03862C}.Release|Any CPU.Build.0 = Release|Any CPU
		{4E454573-D836-42FB-B9DA-8C3C48E5C66A}.Debug|Any CPU.ActiveCfg = Debug|Any CPU
		{4E454573-D836-42FB-B9DA-8C3C48E5C66A}.Debug|Any CPU.Build.0 = Debug|Any CPU
		{4E454573-D836-42FB-B9DA-8C3C48E5C66A}.Release|Any CPU.ActiveCfg = Release|Any CPU
		{4E454573-D836-42FB-B9DA-8C3C48E5C66A}.Release|Any CPU.Build.0 = Release|Any CPU
		{1569C7A9-B123-45CB-9724-A8430533E216}.Debug|Any CPU.ActiveCfg = Debug|Any CPU
		{1569C7A9-B123-45CB-9724-A8430533E216}.Debug|Any CPU.Build.0 = Debug|Any CPU
		{1569C7A9-B123-45CB-9724-A8430533E216}.Release|Any CPU.ActiveCfg = Release|Any CPU
		{1569C7A9-B123-45CB-9724-A8430533E216}.Release|Any CPU.Build.0 = Release|Any CPU
		{CDE4A4F9-F03C-4407-9261-B9AB7B9444F0}.Debug|Any CPU.ActiveCfg = Debug|Any CPU
		{CDE4A4F9-F03C-4407-9261-B9AB7B9444F0}.Debug|Any CPU.Build.0 = Debug|Any CPU
		{CDE4A4F9-F03C-4407-9261-B9AB7B9444F0}.Release|Any CPU.ActiveCfg = Release|Any CPU
		{CDE4A4F9-F03C-4407-9261-B9AB7B9444F0}.Release|Any CPU.Build.0 = Release|Any CPU
		{74CED8F3-02C7-4965-8B71-C85342DBC24A}.Debug|Any CPU.ActiveCfg = Debug|Any CPU
		{74CED8F3-02C7-4965-8B71-C85342DBC24A}.Debug|Any CPU.Build.0 = Debug|Any CPU
		{74CED8F3-02C7-4965-8B71-C85342DBC24A}.Release|Any CPU.ActiveCfg = Release|Any CPU
		{74CED8F3-02C7-4965-8B71-C85342DBC24A}.Release|Any CPU.Build.0 = Release|Any CPU
		{66683C5C-0226-4D78-9A3C-FB144DEC15F5}.Debug|Any CPU.ActiveCfg = Debug|Any CPU
		{66683C5C-0226-4D78-9A3C-FB144DEC15F5}.Debug|Any CPU.Build.0 = Debug|Any CPU
		{66683C5C-0226-4D78-9A3C-FB144DEC15F5}.Release|Any CPU.ActiveCfg = Release|Any CPU
		{66683C5C-0226-4D78-9A3C-FB144DEC15F5}.Release|Any CPU.Build.0 = Release|Any CPU
		{847DBB82-08FB-471C-AB62-7550F49334FE}.Debug|Any CPU.ActiveCfg = Debug|Any CPU
		{847DBB82-08FB-471C-AB62-7550F49334FE}.Debug|Any CPU.Build.0 = Debug|Any CPU
		{847DBB82-08FB-471C-AB62-7550F49334FE}.Release|Any CPU.ActiveCfg = Release|Any CPU
		{847DBB82-08FB-471C-AB62-7550F49334FE}.Release|Any CPU.Build.0 = Release|Any CPU
		{7EF2155D-8A9F-4048-B1C8-F39AB0ED17A4}.Debug|Any CPU.ActiveCfg = Debug|Any CPU
		{7EF2155D-8A9F-4048-B1C8-F39AB0ED17A4}.Debug|Any CPU.Build.0 = Debug|Any CPU
		{7EF2155D-8A9F-4048-B1C8-F39AB0ED17A4}.Release|Any CPU.ActiveCfg = Release|Any CPU
		{7EF2155D-8A9F-4048-B1C8-F39AB0ED17A4}.Release|Any CPU.Build.0 = Release|Any CPU
		{E44FF64B-2827-4D72-9C2D-D960F086F7F3}.Debug|Any CPU.ActiveCfg = Debug|Any CPU
		{E44FF64B-2827-4D72-9C2D-D960F086F7F3}.Debug|Any CPU.Build.0 = Debug|Any CPU
		{E44FF64B-2827-4D72-9C2D-D960F086F7F3}.Release|Any CPU.ActiveCfg = Release|Any CPU
		{E44FF64B-2827-4D72-9C2D-D960F086F7F3}.Release|Any CPU.Build.0 = Release|Any CPU
		{14D43AD6-1E62-41A8-9330-2951A0551893}.Debug|Any CPU.ActiveCfg = Debug|Any CPU
		{14D43AD6-1E62-41A8-9330-2951A0551893}.Debug|Any CPU.Build.0 = Debug|Any CPU
		{14D43AD6-1E62-41A8-9330-2951A0551893}.Release|Any CPU.ActiveCfg = Release|Any CPU
		{14D43AD6-1E62-41A8-9330-2951A0551893}.Release|Any CPU.Build.0 = Release|Any CPU
		{DBBF1D27-9322-4E9F-AC9B-FF091FBF2DF5}.Debug|Any CPU.ActiveCfg = Debug|Any CPU
		{DBBF1D27-9322-4E9F-AC9B-FF091FBF2DF5}.Debug|Any CPU.Build.0 = Debug|Any CPU
		{DBBF1D27-9322-4E9F-AC9B-FF091FBF2DF5}.Release|Any CPU.ActiveCfg = Release|Any CPU
		{DBBF1D27-9322-4E9F-AC9B-FF091FBF2DF5}.Release|Any CPU.Build.0 = Release|Any CPU
		{04B398CF-B855-436B-9F33-C4535D6D7980}.Debug|Any CPU.ActiveCfg = Debug|Any CPU
		{04B398CF-B855-436B-9F33-C4535D6D7980}.Debug|Any CPU.Build.0 = Debug|Any CPU
		{04B398CF-B855-436B-9F33-C4535D6D7980}.Release|Any CPU.ActiveCfg = Release|Any CPU
		{04B398CF-B855-436B-9F33-C4535D6D7980}.Release|Any CPU.Build.0 = Release|Any CPU
		{4EACA9DA-0799-4FAE-9A57-718AB38B1A41}.Debug|Any CPU.ActiveCfg = Debug|Any CPU
		{4EACA9DA-0799-4FAE-9A57-718AB38B1A41}.Debug|Any CPU.Build.0 = Debug|Any CPU
		{4EACA9DA-0799-4FAE-9A57-718AB38B1A41}.Release|Any CPU.ActiveCfg = Release|Any CPU
		{4EACA9DA-0799-4FAE-9A57-718AB38B1A41}.Release|Any CPU.Build.0 = Release|Any CPU
		{95EC1A54-BED3-446F-94A4-6ED60378F8CD}.Debug|Any CPU.ActiveCfg = Debug|Any CPU
		{95EC1A54-BED3-446F-94A4-6ED60378F8CD}.Debug|Any CPU.Build.0 = Debug|Any CPU
		{95EC1A54-BED3-446F-94A4-6ED60378F8CD}.Release|Any CPU.ActiveCfg = Release|Any CPU
		{95EC1A54-BED3-446F-94A4-6ED60378F8CD}.Release|Any CPU.Build.0 = Release|Any CPU
		{8B7064FB-69B2-49C0-962D-73F6C2D6D958}.Debug|Any CPU.ActiveCfg = Debug|Any CPU
		{8B7064FB-69B2-49C0-962D-73F6C2D6D958}.Debug|Any CPU.Build.0 = Debug|Any CPU
		{8B7064FB-69B2-49C0-962D-73F6C2D6D958}.Release|Any CPU.ActiveCfg = Release|Any CPU
		{8B7064FB-69B2-49C0-962D-73F6C2D6D958}.Release|Any CPU.Build.0 = Release|Any CPU
		{A18059E5-545B-4221-A501-46E613F3CF5D}.Debug|Any CPU.ActiveCfg = Debug|Any CPU
		{A18059E5-545B-4221-A501-46E613F3CF5D}.Debug|Any CPU.Build.0 = Debug|Any CPU
		{A18059E5-545B-4221-A501-46E613F3CF5D}.Release|Any CPU.ActiveCfg = Release|Any CPU
		{A18059E5-545B-4221-A501-46E613F3CF5D}.Release|Any CPU.Build.0 = Release|Any CPU
		{5DECF300-B7F8-4D18-B680-EEB7B204A85F}.Debug|Any CPU.ActiveCfg = Debug|Any CPU
		{5DECF300-B7F8-4D18-B680-EEB7B204A85F}.Debug|Any CPU.Build.0 = Debug|Any CPU
		{5DECF300-B7F8-4D18-B680-EEB7B204A85F}.Release|Any CPU.ActiveCfg = Release|Any CPU
		{5DECF300-B7F8-4D18-B680-EEB7B204A85F}.Release|Any CPU.Build.0 = Release|Any CPU
		{26E4A647-8EBA-455E-81AA-CF2B6DEAA12E}.Debug|Any CPU.ActiveCfg = Debug|Any CPU
		{26E4A647-8EBA-455E-81AA-CF2B6DEAA12E}.Debug|Any CPU.Build.0 = Debug|Any CPU
		{26E4A647-8EBA-455E-81AA-CF2B6DEAA12E}.Release|Any CPU.ActiveCfg = Release|Any CPU
		{26E4A647-8EBA-455E-81AA-CF2B6DEAA12E}.Release|Any CPU.Build.0 = Release|Any CPU
		{EA81703E-24AC-4FB2-A031-AB07BD13A610}.Debug|Any CPU.ActiveCfg = Debug|Any CPU
		{EA81703E-24AC-4FB2-A031-AB07BD13A610}.Debug|Any CPU.Build.0 = Debug|Any CPU
		{EA81703E-24AC-4FB2-A031-AB07BD13A610}.Release|Any CPU.ActiveCfg = Release|Any CPU
		{EA81703E-24AC-4FB2-A031-AB07BD13A610}.Release|Any CPU.Build.0 = Release|Any CPU
		{EF3F0E7D-C056-433C-91CC-D6181FDC5DEC}.Debug|Any CPU.ActiveCfg = Debug|Any CPU
		{EF3F0E7D-C056-433C-91CC-D6181FDC5DEC}.Debug|Any CPU.Build.0 = Debug|Any CPU
		{EF3F0E7D-C056-433C-91CC-D6181FDC5DEC}.Release|Any CPU.ActiveCfg = Release|Any CPU
		{EF3F0E7D-C056-433C-91CC-D6181FDC5DEC}.Release|Any CPU.Build.0 = Release|Any CPU
		{6EC8A18A-55AC-488D-81AF-46A22A2EDB38}.Debug|Any CPU.ActiveCfg = Debug|Any CPU
		{6EC8A18A-55AC-488D-81AF-46A22A2EDB38}.Debug|Any CPU.Build.0 = Debug|Any CPU
		{6EC8A18A-55AC-488D-81AF-46A22A2EDB38}.Release|Any CPU.ActiveCfg = Release|Any CPU
		{6EC8A18A-55AC-488D-81AF-46A22A2EDB38}.Release|Any CPU.Build.0 = Release|Any CPU
		{C4C6CBCE-CEDE-4FE5-80BB-50D29670B8FA}.Debug|Any CPU.ActiveCfg = Debug|Any CPU
		{C4C6CBCE-CEDE-4FE5-80BB-50D29670B8FA}.Debug|Any CPU.Build.0 = Debug|Any CPU
		{C4C6CBCE-CEDE-4FE5-80BB-50D29670B8FA}.Release|Any CPU.ActiveCfg = Release|Any CPU
		{C4C6CBCE-CEDE-4FE5-80BB-50D29670B8FA}.Release|Any CPU.Build.0 = Release|Any CPU
	EndGlobalSection
	GlobalSection(SolutionProperties) = preSolution
		HideSolutionNode = FALSE
	EndGlobalSection
EndGlobal
